dependencies:
- name: livekit-server
  repository: https://helm.livekit.io
  version: 1.5.3
- name: egress
  repository: https://helm.livekit.io
  version: 1.8.1
- name: redis
  repository: https://charts.bitnami.com/bitnami
  version: 18.17.0
digest: sha256:9d32df69ecee1f03fffc85791bfb5c498e41ad56fdb6875b158baef89dffe26c
generated: "2024-03-01T16:25:39.405375401+01:00"
